
Microsoft Visual Studio Solution File, Format Version 12.00
# Visual Studio Version 17
VisualStudioVersion = 17.10.35013.160
MinimumVisualStudioVersion = 10.0.40219.1
Project("{8BC9CEB8-8B4A-11D0-8D11-00A0C91BC942}") = "TypeConversions", "TypeConversions.vcxproj", "{81BBF9EE-5F4F-4A1F-869E-5BCA7321C3B0}"
EndProject
Global
	GlobalSection(SolutionConfigurationPlatforms) = preSolution
		Debug|x64 = Debug|x64
		Debug|x86 = Debug|x86
		Release|x64 = Release|x64
		Release|x86 = Release|x86
	EndGlobalSection
	GlobalSection(ProjectConfigurationPlatforms) = postSolution
		{81BBF9EE-5F4F-4A1F-869E-5BCA7321C3B0}.Debug|x64.ActiveCfg = Debug|x64
		{81BBF9EE-5F4F-4A1F-869E-5BCA7321C3B0}.Debug|x64.Build.0 = Debug|x64
		{81BBF9EE-5F4F-4A1F-869E-5BCA7321C3B0}.Debug|x86.ActiveCfg = Debug|Win32
		{81BBF9EE-5F4F-4A1F-869E-5BCA7321C3B0}.Debug|x86.Build.0 = Debug|Win32
		{81BBF9EE-5F4F-4A1F-869E-5BCA7321C3B0}.Release|x64.ActiveCfg = Release|x64
		{81BBF9EE-5F4F-4A1F-869E-5BCA7321C3B0}.Release|x64.Build.0 = Release|x64
		{81BBF9EE-5F4F-4A1F-869E-5BCA7321C3B0}.Release|x86.ActiveCfg = Release|Win32
		{81BBF9EE-5F4F-4A1F-869E-5BCA7321C3B0}.Release|x86.Build.0 = Release|Win32
	EndGlobalSection
	GlobalSection(SolutionProperties) = preSolution
		HideSolutionNode = FALSE
	EndGlobalSection
	GlobalSection(ExtensibilityGlobals) = postSolution
		SolutionGuid = {FB4921C6-4DE8-4868-8EF4-E76E2CE19E09}
	EndGlobalSection
EndGlobal
